# @generated by Move, please check-in and do not edit manually.

[move]
version = 2
manifest_digest = "960B5BF32DD92A205785E074C7DD7DF6135A6BC5BA3F8A57E0D5815CC3935DF3"
deps_digest = "F8BBB0CCB2491CA29A3DF03D6F92277A4F3574266507ACD77214D37ECA3F3082"
dependencies = [
  { name = "Sui" },
]

[[move.package]]
name = "MoveStdlib"
source = { git = "https://github.com/MystenLabs/sui.git", rev = "framework/testnet", subdir = "crates/sui-framework/packages/move-stdlib" }

[[move.package]]
name = "Sui"
source = { git = "https://github.com/MystenLabs/sui.git", rev = "framework/testnet", subdir = "crates/sui-framework/packages/sui-framework" }

dependencies = [
  { name = "MoveStdlib" },
]

[move.toolchain-version]
compiler-version = "1.27.0"
edition = "2024.beta"
flavor = "sui"

[env]

[env.devnet]
chain-id = "ddb98719"
original-published-id = "0x442c18c27862e428edf50700541153f1ff430d240ff3e51df7952377198975e7"
latest-published-id = "0x442c18c27862e428edf50700541153f1ff430d240ff3e51df7952377198975e7"
published-version = "1"

[env.ankr-testnet]
chain-id = "4c78adac"
original-published-id = "0xc8e76738b2a255fe5a093a39f1eaa3b3ab869efcd62e4705c8790ceb7a532f02"
latest-published-id = "0xc8e76738b2a255fe5a093a39f1eaa3b3ab869efcd62e4705c8790ceb7a532f02"
published-version = "1"
