# @generated by Move, please check-in and do not edit manually.

[move]
version = 2
manifest_digest = "BB4C1DBD012283B2660FDA97156F7169083B40D2EC8ED86750223B2CDEAC500B"
deps_digest = "F8BBB0CCB2491CA29A3DF03D6F92277A4F3574266507ACD77214D37ECA3F3082"
dependencies = [
  { name = "Sui" },
]

[[move.package]]
name = "MoveStdlib"
source = { git = "https://github.com/MystenLabs/sui.git", rev = "framework/testnet", subdir = "crates/sui-framework/packages/move-stdlib" }

[[move.package]]
name = "Sui"
source = { git = "https://github.com/MystenLabs/sui.git", rev = "framework/testnet", subdir = "crates/sui-framework/packages/sui-framework" }

dependencies = [
  { name = "MoveStdlib" },
]

[move.toolchain-version]
compiler-version = "1.25.0"
edition = "2024.beta"
flavor = "sui"

[env]

[env.devnet]
chain-id = "bd665407"
original-published-id = "0xd84bf8f814a797c2e04a31dba8d4ba276489dc835e6b3ee725059a756b0cfe14"
latest-published-id = "0xd84bf8f814a797c2e04a31dba8d4ba276489dc835e6b3ee725059a756b0cfe14"
published-version = "1"
